
Microsoft Visual Studio Solution File, Format Version 12.00
# Visual Studio Version 17
VisualStudioVersion = 17.10.35013.160
MinimumVisualStudioVersion = 10.0.40219.1
Project("{9A19103F-16F7-4668-BE54-9A1E7A4F7556}") = "TamesFollow", "TamesFollow\TamesFollow.csproj", "{8F794C5D-33CC-4202-955B-8F0ED07EB315}"
EndProject
Global
	GlobalSection(SolutionConfigurationPlatforms) = preSolution
		Debug|Any CPU = Debug|Any CPU
		Release|Any CPU = Release|Any CPU
	EndGlobalSection
	GlobalSection(ProjectConfigurationPlatforms) = postSolution
		{8F794C5D-33CC-4202-955B-8F0ED07EB315}.Debug|Any CPU.ActiveCfg = Debug|Any CPU
		{8F794C5D-33CC-4202-955B-8F0ED07EB315}.Debug|Any CPU.Build.0 = Debug|Any CPU
		{8F794C5D-33CC-4202-955B-8F0ED07EB315}.Release|Any CPU.ActiveCfg = Release|Any CPU
		{8F794C5D-33CC-4202-955B-8F0ED07EB315}.Release|Any CPU.Build.0 = Release|Any CPU
	EndGlobalSection
	GlobalSection(SolutionProperties) = preSolution
		HideSolutionNode = FALSE
	EndGlobalSection
	GlobalSection(ExtensibilityGlobals) = postSolution
		SolutionGuid = {B22CBCE1-3F97-4819-822A-6F66D3F344AD}
	EndGlobalSection
EndGlobal
